// !$*UTF8*$!
{
	archiveVersion = 1;
	classes = {
	};
	objectVersion = 50;
	objects = {

/* Begin PBXBuildFile section */
		520379992225A6AE008A49EB /* TimeTable.swift in Sources */ = {isa = PBXBuildFile; fileRef = 520379982225A6AE008A49EB /* TimeTable.swift */; };
		52058CFF22066C4800181A78 /* Event.swift in Sources */ = {isa = PBXBuildFile; fileRef = 52058CFE22066C4800181A78 /* Event.swift */; };
		52058D01220692B600181A78 /* EventTableViewCell.swift in Sources */ = {isa = PBXBuildFile; fileRef = 52058D00220692B600181A78 /* EventTableViewCell.swift */; };
		5207986E22288D9800805FEF /* LeaveType.swift in Sources */ = {isa = PBXBuildFile; fileRef = 5207986D22288D9800805FEF /* LeaveType.swift */; };
		520798702228980D00805FEF /* MyLeavesTableViewCell.swift in Sources */ = {isa = PBXBuildFile; fileRef = 5207986F2228980D00805FEF /* MyLeavesTableViewCell.swift */; };
		520798722228982900805FEF /* MyLeavesExtension.swift in Sources */ = {isa = PBXBuildFile; fileRef = 520798712228982900805FEF /* MyLeavesExtension.swift */; };
		52079874222899CE00805FEF /* MyLeaves.swift in Sources */ = {isa = PBXBuildFile; fileRef = 52079873222899CE00805FEF /* MyLeaves.swift */; };
		521FF3D4222C41CB00BCA8AE /* MyClassViewController.swift in Sources */ = {isa = PBXBuildFile; fileRef = 521FF3D3222C41CB00BCA8AE /* MyClassViewController.swift */; };
		521FF3D6222C41E500BCA8AE /* MyClassCollectionViewCell.swift in Sources */ = {isa = PBXBuildFile; fileRef = 521FF3D5222C41E500BCA8AE /* MyClassCollectionViewCell.swift */; };
		521FF3D9222C420800BCA8AE /* MyClassExtensions.swift in Sources */ = {isa = PBXBuildFile; fileRef = 521FF3D8222C420800BCA8AE /* MyClassExtensions.swift */; };
		521FF3DB222C421C00BCA8AE /* MyClass.swift in Sources */ = {isa = PBXBuildFile; fileRef = 521FF3DA222C421C00BCA8AE /* MyClass.swift */; };
		5236473F2208B6AB0094D7BE /* NewsViewController.swift in Sources */ = {isa = PBXBuildFile; fileRef = 5236473E2208B6AB0094D7BE /* NewsViewController.swift */; };
		523647412208BAB90094D7BE /* News.swift in Sources */ = {isa = PBXBuildFile; fileRef = 523647402208BAB90094D7BE /* News.swift */; };
		523647432208BC9D0094D7BE /* NewsTableViewCell.swift in Sources */ = {isa = PBXBuildFile; fileRef = 523647422208BC9D0094D7BE /* NewsTableViewCell.swift */; };
		52382A13223134250056E2E3 /* TestSpinnerViewController.swift in Sources */ = {isa = PBXBuildFile; fileRef = 52382A12223134250056E2E3 /* TestSpinnerViewController.swift */; };
		52382A1722315D960056E2E3 /* NotificationsViewController.swift in Sources */ = {isa = PBXBuildFile; fileRef = 52382A1622315D960056E2E3 /* NotificationsViewController.swift */; };
		52382A1922315DBA0056E2E3 /* NotificationsTableViewCell.swift in Sources */ = {isa = PBXBuildFile; fileRef = 52382A1822315DBA0056E2E3 /* NotificationsTableViewCell.swift */; };
		52382A1B22315DDB0056E2E3 /* NotificationsExtensions.swift in Sources */ = {isa = PBXBuildFile; fileRef = 52382A1A22315DDB0056E2E3 /* NotificationsExtensions.swift */; };
		52382A1D223160110056E2E3 /* Notifications.swift in Sources */ = {isa = PBXBuildFile; fileRef = 52382A1C223160110056E2E3 /* Notifications.swift */; };
		523DDC9E220BC53E00180A07 /* GpsModel.swift in Sources */ = {isa = PBXBuildFile; fileRef = 523DDC9D220BC53E00180A07 /* GpsModel.swift */; };
		524811BA22286FCE008F9F57 /* LeaveTypeTableViewCell.swift in Sources */ = {isa = PBXBuildFile; fileRef = 524811B922286FCE008F9F57 /* LeaveTypeTableViewCell.swift */; };
		524811BC2228757D008F9F57 /* MyLeavesViewController.swift in Sources */ = {isa = PBXBuildFile; fileRef = 524811BB2228757D008F9F57 /* MyLeavesViewController.swift */; };
		524811C02228762D008F9F57 /* LeavesTypeExtensions.swift in Sources */ = {isa = PBXBuildFile; fileRef = 524811BF2228762D008F9F57 /* LeavesTypeExtensions.swift */; };
		525DB06F220A050000C4CF76 /* MapViewController.swift in Sources */ = {isa = PBXBuildFile; fileRef = 525DB06E220A04FF00C4CF76 /* MapViewController.swift */; };
		525F94E6222575AB0082D5A8 /* TimeTableViewController.swift in Sources */ = {isa = PBXBuildFile; fileRef = 525F94E5222575AB0082D5A8 /* TimeTableViewController.swift */; };
		525F94E8222576E50082D5A8 /* TimeTableCollectionViewCell.swift in Sources */ = {isa = PBXBuildFile; fileRef = 525F94E7222576E50082D5A8 /* TimeTableCollectionViewCell.swift */; };
		525F94EA222577040082D5A8 /* TimeTableViewCell.swift in Sources */ = {isa = PBXBuildFile; fileRef = 525F94E9222577040082D5A8 /* TimeTableViewCell.swift */; };
		52684215222ED3BC00948BB7 /* SubjectsViewController.swift in Sources */ = {isa = PBXBuildFile; fileRef = 52684214222ED3BC00948BB7 /* SubjectsViewController.swift */; };
		52684217222ED3DA00948BB7 /* SubjectTableViewCell.swift in Sources */ = {isa = PBXBuildFile; fileRef = 52684216222ED3DA00948BB7 /* SubjectTableViewCell.swift */; };
		5268421A222ED40300948BB7 /* SubjectExtensions.swift in Sources */ = {isa = PBXBuildFile; fileRef = 52684219222ED40300948BB7 /* SubjectExtensions.swift */; };
		5268421C222ED5AA00948BB7 /* Subjects.swift in Sources */ = {isa = PBXBuildFile; fileRef = 5268421B222ED5AA00948BB7 /* Subjects.swift */; };
		52684220222EE77C00948BB7 /* StudentsTableViewCell.swift in Sources */ = {isa = PBXBuildFile; fileRef = 5268421F222EE77C00948BB7 /* StudentsTableViewCell.swift */; };
		52684222222EE7A500948BB7 /* StudentsViewController.swift in Sources */ = {isa = PBXBuildFile; fileRef = 52684221222EE7A500948BB7 /* StudentsViewController.swift */; };
		52684224222EE7F800948BB7 /* StudentsExtensions.swift in Sources */ = {isa = PBXBuildFile; fileRef = 52684223222EE7F800948BB7 /* StudentsExtensions.swift */; };
		52684226222EEFCF00948BB7 /* Student.swift in Sources */ = {isa = PBXBuildFile; fileRef = 52684225222EEFCF00948BB7 /* Student.swift */; };
		52684228222F0D1F00948BB7 /* ApplyLeaveViewController.swift in Sources */ = {isa = PBXBuildFile; fileRef = 52684227222F0D1F00948BB7 /* ApplyLeaveViewController.swift */; };
		52A4D8BD220E19E7007EB103 /* HomeViewController.swift in Sources */ = {isa = PBXBuildFile; fileRef = 52A4D8BC220E19E7007EB103 /* HomeViewController.swift */; };
		52FF553B2203B4C700E841B7 /* XMLParser.swift in Sources */ = {isa = PBXBuildFile; fileRef = 52FF553A2203B4C700E841B7 /* XMLParser.swift */; };
		B53DB239177B058436600A0E /* Pods_CuteBrains.framework in Frameworks */ = {isa = PBXBuildFile; fileRef = 2C01375E1CA9AB3277C6F628 /* Pods_CuteBrains.framework */; };
		DA8B104E21F10F1F00526956 /* AppDelegate.swift in Sources */ = {isa = PBXBuildFile; fileRef = DA8B104D21F10F1F00526956 /* AppDelegate.swift */; };
		DA8B105021F10F1F00526956 /* ViewController.swift in Sources */ = {isa = PBXBuildFile; fileRef = DA8B104F21F10F1F00526956 /* ViewController.swift */; };
		DA8B105321F10F1F00526956 /* Main.storyboard in Resources */ = {isa = PBXBuildFile; fileRef = DA8B105121F10F1F00526956 /* Main.storyboard */; };
		DA8B105521F10F2200526956 /* Assets.xcassets in Resources */ = {isa = PBXBuildFile; fileRef = DA8B105421F10F2200526956 /* Assets.xcassets */; };
		DA8B105821F10F2200526956 /* LaunchScreen.storyboard in Resources */ = {isa = PBXBuildFile; fileRef = DA8B105621F10F2200526956 /* LaunchScreen.storyboard */; };
		DA8B106321F10F2200526956 /* CuteBrainsTests.swift in Sources */ = {isa = PBXBuildFile; fileRef = DA8B106221F10F2200526956 /* CuteBrainsTests.swift */; };
		DA8B107021F11EAF00526956 /* LoginControler.swift in Sources */ = {isa = PBXBuildFile; fileRef = DA8B106F21F11EAF00526956 /* LoginControler.swift */; };
		DA92510421F4945600D4397A /* ProfileViewController.swift in Sources */ = {isa = PBXBuildFile; fileRef = DA92510321F4945600D4397A /* ProfileViewController.swift */; };
		DA92510621F4AD0800D4397A /* EventViewController.swift in Sources */ = {isa = PBXBuildFile; fileRef = DA92510521F4AD0800D4397A /* EventViewController.swift */; };
		DAD2140821FA2F380054D896 /* User.swift in Sources */ = {isa = PBXBuildFile; fileRef = DAD2140721FA2F380054D896 /* User.swift */; };
/* End PBXBuildFile section */

/* Begin PBXContainerItemProxy section */
		DA8B105F21F10F2200526956 /* PBXContainerItemProxy */ = {
			isa = PBXContainerItemProxy;
			containerPortal = DA8B104221F10F1F00526956 /* Project object */;
			proxyType = 1;
			remoteGlobalIDString = DA8B104921F10F1F00526956;
			remoteInfo = CuteBrains;
		};
/* End PBXContainerItemProxy section */

/* Begin PBXFileReference section */
		2C01375E1CA9AB3277C6F628 /* Pods_CuteBrains.framework */ = {isa = PBXFileReference; explicitFileType = wrapper.framework; includeInIndex = 0; path = Pods_CuteBrains.framework; sourceTree = BUILT_PRODUCTS_DIR; };
		520379982225A6AE008A49EB /* TimeTable.swift */ = {isa = PBXFileReference; lastKnownFileType = sourcecode.swift; path = TimeTable.swift; sourceTree = "<group>"; };
		52058CFE22066C4800181A78 /* Event.swift */ = {isa = PBXFileReference; lastKnownFileType = sourcecode.swift; path = Event.swift; sourceTree = "<group>"; };
		52058D00220692B600181A78 /* EventTableViewCell.swift */ = {isa = PBXFileReference; lastKnownFileType = sourcecode.swift; path = EventTableViewCell.swift; sourceTree = "<group>"; };
		5207986D22288D9800805FEF /* LeaveType.swift */ = {isa = PBXFileReference; lastKnownFileType = sourcecode.swift; path = LeaveType.swift; sourceTree = "<group>"; };
		5207986F2228980D00805FEF /* MyLeavesTableViewCell.swift */ = {isa = PBXFileReference; lastKnownFileType = sourcecode.swift; path = MyLeavesTableViewCell.swift; sourceTree = "<group>"; };
		520798712228982900805FEF /* MyLeavesExtension.swift */ = {isa = PBXFileReference; lastKnownFileType = sourcecode.swift; path = MyLeavesExtension.swift; sourceTree = "<group>"; };
		52079873222899CE00805FEF /* MyLeaves.swift */ = {isa = PBXFileReference; lastKnownFileType = sourcecode.swift; path = MyLeaves.swift; sourceTree = "<group>"; };
		521FF3D3222C41CB00BCA8AE /* MyClassViewController.swift */ = {isa = PBXFileReference; lastKnownFileType = sourcecode.swift; path = MyClassViewController.swift; sourceTree = "<group>"; };
		521FF3D5222C41E500BCA8AE /* MyClassCollectionViewCell.swift */ = {isa = PBXFileReference; lastKnownFileType = sourcecode.swift; path = MyClassCollectionViewCell.swift; sourceTree = "<group>"; };
		521FF3D8222C420800BCA8AE /* MyClassExtensions.swift */ = {isa = PBXFileReference; lastKnownFileType = sourcecode.swift; path = MyClassExtensions.swift; sourceTree = "<group>"; };
		521FF3DA222C421C00BCA8AE /* MyClass.swift */ = {isa = PBXFileReference; lastKnownFileType = sourcecode.swift; path = MyClass.swift; sourceTree = "<group>"; };
		5236473E2208B6AB0094D7BE /* NewsViewController.swift */ = {isa = PBXFileReference; lastKnownFileType = sourcecode.swift; path = NewsViewController.swift; sourceTree = "<group>"; };
		523647402208BAB90094D7BE /* News.swift */ = {isa = PBXFileReference; lastKnownFileType = sourcecode.swift; path = News.swift; sourceTree = "<group>"; };
		523647422208BC9D0094D7BE /* NewsTableViewCell.swift */ = {isa = PBXFileReference; lastKnownFileType = sourcecode.swift; path = NewsTableViewCell.swift; sourceTree = "<group>"; };
		52382A12223134250056E2E3 /* TestSpinnerViewController.swift */ = {isa = PBXFileReference; lastKnownFileType = sourcecode.swift; path = TestSpinnerViewController.swift; sourceTree = "<group>"; };
		52382A1622315D960056E2E3 /* NotificationsViewController.swift */ = {isa = PBXFileReference; lastKnownFileType = sourcecode.swift; path = NotificationsViewController.swift; sourceTree = "<group>"; };
		52382A1822315DBA0056E2E3 /* NotificationsTableViewCell.swift */ = {isa = PBXFileReference; lastKnownFileType = sourcecode.swift; path = NotificationsTableViewCell.swift; sourceTree = "<group>"; };
		52382A1A22315DDB0056E2E3 /* NotificationsExtensions.swift */ = {isa = PBXFileReference; lastKnownFileType = sourcecode.swift; path = NotificationsExtensions.swift; sourceTree = "<group>"; };
		52382A1C223160110056E2E3 /* Notifications.swift */ = {isa = PBXFileReference; lastKnownFileType = sourcecode.swift; path = Notifications.swift; sourceTree = "<group>"; };
		523DDC9D220BC53E00180A07 /* GpsModel.swift */ = {isa = PBXFileReference; lastKnownFileType = sourcecode.swift; path = GpsModel.swift; sourceTree = "<group>"; };
		524811B922286FCE008F9F57 /* LeaveTypeTableViewCell.swift */ = {isa = PBXFileReference; lastKnownFileType = sourcecode.swift; path = LeaveTypeTableViewCell.swift; sourceTree = "<group>"; };
		524811BB2228757D008F9F57 /* MyLeavesViewController.swift */ = {isa = PBXFileReference; lastKnownFileType = sourcecode.swift; path = MyLeavesViewController.swift; sourceTree = "<group>"; };
		524811BF2228762D008F9F57 /* LeavesTypeExtensions.swift */ = {isa = PBXFileReference; lastKnownFileType = sourcecode.swift; path = LeavesTypeExtensions.swift; sourceTree = "<group>"; };
		525DB06E220A04FF00C4CF76 /* MapViewController.swift */ = {isa = PBXFileReference; lastKnownFileType = sourcecode.swift; path = MapViewController.swift; sourceTree = "<group>"; };
		525F94E5222575AB0082D5A8 /* TimeTableViewController.swift */ = {isa = PBXFileReference; lastKnownFileType = sourcecode.swift; path = TimeTableViewController.swift; sourceTree = "<group>"; };
		525F94E7222576E50082D5A8 /* TimeTableCollectionViewCell.swift */ = {isa = PBXFileReference; lastKnownFileType = sourcecode.swift; path = TimeTableCollectionViewCell.swift; sourceTree = "<group>"; };
		525F94E9222577040082D5A8 /* TimeTableViewCell.swift */ = {isa = PBXFileReference; lastKnownFileType = sourcecode.swift; path = TimeTableViewCell.swift; sourceTree = "<group>"; };
		52684214222ED3BC00948BB7 /* SubjectsViewController.swift */ = {isa = PBXFileReference; lastKnownFileType = sourcecode.swift; path = SubjectsViewController.swift; sourceTree = "<group>"; };
		52684216222ED3DA00948BB7 /* SubjectTableViewCell.swift */ = {isa = PBXFileReference; lastKnownFileType = sourcecode.swift; path = SubjectTableViewCell.swift; sourceTree = "<group>"; };
		52684219222ED40300948BB7 /* SubjectExtensions.swift */ = {isa = PBXFileReference; lastKnownFileType = sourcecode.swift; path = SubjectExtensions.swift; sourceTree = "<group>"; };
		5268421B222ED5AA00948BB7 /* Subjects.swift */ = {isa = PBXFileReference; lastKnownFileType = sourcecode.swift; path = Subjects.swift; sourceTree = "<group>"; };
		5268421F222EE77C00948BB7 /* StudentsTableViewCell.swift */ = {isa = PBXFileReference; lastKnownFileType = sourcecode.swift; path = StudentsTableViewCell.swift; sourceTree = "<group>"; };
		52684221222EE7A500948BB7 /* StudentsViewController.swift */ = {isa = PBXFileReference; lastKnownFileType = sourcecode.swift; path = StudentsViewController.swift; sourceTree = "<group>"; };
		52684223222EE7F800948BB7 /* StudentsExtensions.swift */ = {isa = PBXFileReference; lastKnownFileType = sourcecode.swift; path = StudentsExtensions.swift; sourceTree = "<group>"; };
		52684225222EEFCF00948BB7 /* Student.swift */ = {isa = PBXFileReference; lastKnownFileType = sourcecode.swift; path = Student.swift; sourceTree = "<group>"; };
		52684227222F0D1F00948BB7 /* ApplyLeaveViewController.swift */ = {isa = PBXFileReference; lastKnownFileType = sourcecode.swift; path = ApplyLeaveViewController.swift; sourceTree = "<group>"; };
		52A4D8BC220E19E7007EB103 /* HomeViewController.swift */ = {isa = PBXFileReference; lastKnownFileType = sourcecode.swift; path = HomeViewController.swift; sourceTree = "<group>"; };
		52FF553A2203B4C700E841B7 /* XMLParser.swift */ = {isa = PBXFileReference; lastKnownFileType = sourcecode.swift; path = XMLParser.swift; sourceTree = "<group>"; };
		75395B4275D14465B2480D33 /* Pods-CuteBrains.debug.xcconfig */ = {isa = PBXFileReference; includeInIndex = 1; lastKnownFileType = text.xcconfig; name = "Pods-CuteBrains.debug.xcconfig"; path = "Pods/Target Support Files/Pods-CuteBrains/Pods-CuteBrains.debug.xcconfig"; sourceTree = "<group>"; };
		83055A1C515C8334DBA4C96F /* Pods_CuteBrainsTests.framework */ = {isa = PBXFileReference; explicitFileType = wrapper.framework; includeInIndex = 0; path = Pods_CuteBrainsTests.framework; sourceTree = BUILT_PRODUCTS_DIR; };
		DA8B104A21F10F1F00526956 /* CuteBrains.app */ = {isa = PBXFileReference; explicitFileType = wrapper.application; includeInIndex = 0; path = CuteBrains.app; sourceTree = BUILT_PRODUCTS_DIR; };
		DA8B104D21F10F1F00526956 /* AppDelegate.swift */ = {isa = PBXFileReference; lastKnownFileType = sourcecode.swift; path = AppDelegate.swift; sourceTree = "<group>"; };
		DA8B104F21F10F1F00526956 /* ViewController.swift */ = {isa = PBXFileReference; lastKnownFileType = sourcecode.swift; path = ViewController.swift; sourceTree = "<group>"; };
		DA8B105221F10F1F00526956 /* Base */ = {isa = PBXFileReference; lastKnownFileType = file.storyboard; name = Base; path = Base.lproj/Main.storyboard; sourceTree = "<group>"; };
		DA8B105421F10F2200526956 /* Assets.xcassets */ = {isa = PBXFileReference; lastKnownFileType = folder.assetcatalog; path = Assets.xcassets; sourceTree = "<group>"; };
		DA8B105721F10F2200526956 /* Base */ = {isa = PBXFileReference; lastKnownFileType = file.storyboard; name = Base; path = Base.lproj/LaunchScreen.storyboard; sourceTree = "<group>"; };
		DA8B105921F10F2200526956 /* Info.plist */ = {isa = PBXFileReference; lastKnownFileType = text.plist.xml; path = Info.plist; sourceTree = "<group>"; };
		DA8B105E21F10F2200526956 /* CuteBrainsTests.xctest */ = {isa = PBXFileReference; explicitFileType = wrapper.cfbundle; includeInIndex = 0; path = CuteBrainsTests.xctest; sourceTree = BUILT_PRODUCTS_DIR; };
		DA8B106221F10F2200526956 /* CuteBrainsTests.swift */ = {isa = PBXFileReference; lastKnownFileType = sourcecode.swift; path = CuteBrainsTests.swift; sourceTree = "<group>"; };
		DA8B106421F10F2200526956 /* Info.plist */ = {isa = PBXFileReference; lastKnownFileType = text.plist.xml; path = Info.plist; sourceTree = "<group>"; };
		DA8B106F21F11EAF00526956 /* LoginControler.swift */ = {isa = PBXFileReference; lastKnownFileType = sourcecode.swift; path = LoginControler.swift; sourceTree = "<group>"; };
		DA92510321F4945600D4397A /* ProfileViewController.swift */ = {isa = PBXFileReference; lastKnownFileType = sourcecode.swift; path = ProfileViewController.swift; sourceTree = "<group>"; };
		DA92510521F4AD0800D4397A /* EventViewController.swift */ = {isa = PBXFileReference; lastKnownFileType = sourcecode.swift; path = EventViewController.swift; sourceTree = "<group>"; };
		DAD2140721FA2F380054D896 /* User.swift */ = {isa = PBXFileReference; lastKnownFileType = sourcecode.swift; path = User.swift; sourceTree = "<group>"; };
		FF9C4F8D7A9859F5A3192BC6 /* Pods-CuteBrains.release.xcconfig */ = {isa = PBXFileReference; includeInIndex = 1; lastKnownFileType = text.xcconfig; name = "Pods-CuteBrains.release.xcconfig"; path = "Pods/Target Support Files/Pods-CuteBrains/Pods-CuteBrains.release.xcconfig"; sourceTree = "<group>"; };
/* End PBXFileReference section */

/* Begin PBXFrameworksBuildPhase section */
		DA8B104721F10F1F00526956 /* Frameworks */ = {
			isa = PBXFrameworksBuildPhase;
			buildActionMask = 2147483647;
			files = (
				B53DB239177B058436600A0E /* Pods_CuteBrains.framework in Frameworks */,
			);
			runOnlyForDeploymentPostprocessing = 0;
		};
		DA8B105B21F10F2200526956 /* Frameworks */ = {
			isa = PBXFrameworksBuildPhase;
			buildActionMask = 2147483647;
			files = (
			);
			runOnlyForDeploymentPostprocessing = 0;
		};
/* End PBXFrameworksBuildPhase section */

/* Begin PBXGroup section */
		37B9ACD3FDFA8F0820E61EA2 /* Frameworks */ = {
			isa = PBXGroup;
			children = (
				2C01375E1CA9AB3277C6F628 /* Pods_CuteBrains.framework */,
				83055A1C515C8334DBA4C96F /* Pods_CuteBrainsTests.framework */,
			);
			name = Frameworks;
			sourceTree = "<group>";
		};
		521FF3CB222C40F500BCA8AE /* events */ = {
			isa = PBXGroup;
			children = (
				DA92510521F4AD0800D4397A /* EventViewController.swift */,
				52058D00220692B600181A78 /* EventTableViewCell.swift */,
			);
			path = events;
			sourceTree = "<group>";
		};
		521FF3CC222C410400BCA8AE /* news */ = {
			isa = PBXGroup;
			children = (
				5236473E2208B6AB0094D7BE /* NewsViewController.swift */,
				523647422208BC9D0094D7BE /* NewsTableViewCell.swift */,
			);
			path = news;
			sourceTree = "<group>";
		};
		521FF3CD222C411200BCA8AE /* profile */ = {
			isa = PBXGroup;
			children = (
				DA92510321F4945600D4397A /* ProfileViewController.swift */,
			);
			path = profile;
			sourceTree = "<group>";
		};
		521FF3CE222C411C00BCA8AE /* login */ = {
			isa = PBXGroup;
			children = (
				DA8B106F21F11EAF00526956 /* LoginControler.swift */,
			);
			path = login;
			sourceTree = "<group>";
		};
		521FF3CF222C412800BCA8AE /* home */ = {
			isa = PBXGroup;
			children = (
				52A4D8BC220E19E7007EB103 /* HomeViewController.swift */,
			);
			path = home;
			sourceTree = "<group>";
		};
		521FF3D0222C413200BCA8AE /* transport */ = {
			isa = PBXGroup;
			children = (
				525DB06E220A04FF00C4CF76 /* MapViewController.swift */,
			);
			path = transport;
			sourceTree = "<group>";
		};
		521FF3D1222C413D00BCA8AE /* timetable */ = {
			isa = PBXGroup;
			children = (
				525F94E5222575AB0082D5A8 /* TimeTableViewController.swift */,
				525F94E7222576E50082D5A8 /* TimeTableCollectionViewCell.swift */,
				525F94E9222577040082D5A8 /* TimeTableViewCell.swift */,
			);
			path = timetable;
			sourceTree = "<group>";
		};
		521FF3D2222C41A800BCA8AE /* myClass */ = {
			isa = PBXGroup;
			children = (
				521FF3D7222C41EA00BCA8AE /* extensions */,
				521FF3D3222C41CB00BCA8AE /* MyClassViewController.swift */,
				521FF3D5222C41E500BCA8AE /* MyClassCollectionViewCell.swift */,
			);
			path = myClass;
			sourceTree = "<group>";
		};
		521FF3D7222C41EA00BCA8AE /* extensions */ = {
			isa = PBXGroup;
			children = (
				521FF3D8222C420800BCA8AE /* MyClassExtensions.swift */,
			);
			path = extensions;
			sourceTree = "<group>";
		};
		52382A1422315D6E0056E2E3 /* Notifications */ = {
			isa = PBXGroup;
			children = (
				52382A1622315D960056E2E3 /* NotificationsViewController.swift */,
				52382A1522315D790056E2E3 /* extensions */,
				52382A1822315DBA0056E2E3 /* NotificationsTableViewCell.swift */,
			);
			path = Notifications;
			sourceTree = "<group>";
		};
		52382A1522315D790056E2E3 /* extensions */ = {
			isa = PBXGroup;
			children = (
				52382A1A22315DDB0056E2E3 /* NotificationsExtensions.swift */,
			);
			path = extensions;
			sourceTree = "<group>";
		};
		524811BD222875FC008F9F57 /* extensionLeaves */ = {
			isa = PBXGroup;
			children = (
				524811BF2228762D008F9F57 /* LeavesTypeExtensions.swift */,
				520798712228982900805FEF /* MyLeavesExtension.swift */,
			);
			path = extensionLeaves;
			sourceTree = "<group>";
		};
		524811BE22287605008F9F57 /* Leaves */ = {
			isa = PBXGroup;
			children = (
				524811B922286FCE008F9F57 /* LeaveTypeTableViewCell.swift */,
				524811BB2228757D008F9F57 /* MyLeavesViewController.swift */,
				524811BD222875FC008F9F57 /* extensionLeaves */,
				5207986F2228980D00805FEF /* MyLeavesTableViewCell.swift */,
				52684227222F0D1F00948BB7 /* ApplyLeaveViewController.swift */,
			);
			path = Leaves;
			sourceTree = "<group>";
		};
		52684213222ED32200948BB7 /* Subjects */ = {
			isa = PBXGroup;
			children = (
				52684218222ED3E300948BB7 /* extension */,
				52684214222ED3BC00948BB7 /* SubjectsViewController.swift */,
				52684216222ED3DA00948BB7 /* SubjectTableViewCell.swift */,
			);
			path = Subjects;
			sourceTree = "<group>";
		};
		52684218222ED3E300948BB7 /* extension */ = {
			isa = PBXGroup;
			children = (
				52684219222ED40300948BB7 /* SubjectExtensions.swift */,
			);
			path = extension;
			sourceTree = "<group>";
		};
		5268421D222EE75B00948BB7 /* Students */ = {
			isa = PBXGroup;
			children = (
				5268421E222EE76300948BB7 /* extensions */,
				5268421F222EE77C00948BB7 /* StudentsTableViewCell.swift */,
				52684221222EE7A500948BB7 /* StudentsViewController.swift */,
			);
			path = Students;
			sourceTree = "<group>";
		};
		5268421E222EE76300948BB7 /* extensions */ = {
			isa = PBXGroup;
			children = (
				52684223222EE7F800948BB7 /* StudentsExtensions.swift */,
			);
			path = extensions;
			sourceTree = "<group>";
		};
		DA8B104121F10F1E00526956 = {
			isa = PBXGroup;
			children = (
				DA8B104C21F10F1F00526956 /* CuteBrains */,
				DA8B106121F10F2200526956 /* CuteBrainsTests */,
				DA8B104B21F10F1F00526956 /* Products */,
				E375C87E5A3507D9FC54CBB1 /* Pods */,
				37B9ACD3FDFA8F0820E61EA2 /* Frameworks */,
			);
			sourceTree = "<group>";
		};
		DA8B104B21F10F1F00526956 /* Products */ = {
			isa = PBXGroup;
			children = (
				DA8B104A21F10F1F00526956 /* CuteBrains.app */,
				DA8B105E21F10F2200526956 /* CuteBrainsTests.xctest */,
			);
			name = Products;
			sourceTree = "<group>";
		};
		DA8B104C21F10F1F00526956 /* CuteBrains */ = {
			isa = PBXGroup;
			children = (
				DA8B106E21F11E9600526956 /* Models */,
				DA8B106D21F11E0E00526956 /* Controlers */,
				DA8B104D21F10F1F00526956 /* AppDelegate.swift */,
				DA8B104F21F10F1F00526956 /* ViewController.swift */,
				DA8B105121F10F1F00526956 /* Main.storyboard */,
				DA8B105421F10F2200526956 /* Assets.xcassets */,
				DA8B105621F10F2200526956 /* LaunchScreen.storyboard */,
				DA8B105921F10F2200526956 /* Info.plist */,
				52FF553A2203B4C700E841B7 /* XMLParser.swift */,
				52382A12223134250056E2E3 /* TestSpinnerViewController.swift */,
			);
			path = CuteBrains;
			sourceTree = "<group>";
		};
		DA8B106121F10F2200526956 /* CuteBrainsTests */ = {
			isa = PBXGroup;
			children = (
				DA8B106221F10F2200526956 /* CuteBrainsTests.swift */,
				DA8B106421F10F2200526956 /* Info.plist */,
			);
			path = CuteBrainsTests;
			sourceTree = "<group>";
		};
		DA8B106D21F11E0E00526956 /* Controlers */ = {
			isa = PBXGroup;
			children = (
				52382A1422315D6E0056E2E3 /* Notifications */,
				5268421D222EE75B00948BB7 /* Students */,
				52684213222ED32200948BB7 /* Subjects */,
				521FF3D2222C41A800BCA8AE /* myClass */,
				521FF3D1222C413D00BCA8AE /* timetable */,
				521FF3D0222C413200BCA8AE /* transport */,
				521FF3CF222C412800BCA8AE /* home */,
				521FF3CE222C411C00BCA8AE /* login */,
				521FF3CD222C411200BCA8AE /* profile */,
				521FF3CC222C410400BCA8AE /* news */,
				521FF3CB222C40F500BCA8AE /* events */,
				524811BE22287605008F9F57 /* Leaves */,
			);
			path = Controlers;
			sourceTree = "<group>";
		};
		DA8B106E21F11E9600526956 /* Models */ = {
			isa = PBXGroup;
			children = (
				DAD2140721FA2F380054D896 /* User.swift */,
				52058CFE22066C4800181A78 /* Event.swift */,
				523647402208BAB90094D7BE /* News.swift */,
				523DDC9D220BC53E00180A07 /* GpsModel.swift */,
				520379982225A6AE008A49EB /* TimeTable.swift */,
				5207986D22288D9800805FEF /* LeaveType.swift */,
				52079873222899CE00805FEF /* MyLeaves.swift */,
				521FF3DA222C421C00BCA8AE /* MyClass.swift */,
				5268421B222ED5AA00948BB7 /* Subjects.swift */,
				52684225222EEFCF00948BB7 /* Student.swift */,
				52382A1C223160110056E2E3 /* Notifications.swift */,
			);
			path = Models;
			sourceTree = "<group>";
		};
		E375C87E5A3507D9FC54CBB1 /* Pods */ = {
			isa = PBXGroup;
			children = (
				75395B4275D14465B2480D33 /* Pods-CuteBrains.debug.xcconfig */,
				FF9C4F8D7A9859F5A3192BC6 /* Pods-CuteBrains.release.xcconfig */,
			);
			name = Pods;
			sourceTree = "<group>";
		};
/* End PBXGroup section */

/* Begin PBXNativeTarget section */
		DA8B104921F10F1F00526956 /* CuteBrains */ = {
			isa = PBXNativeTarget;
			buildConfigurationList = DA8B106721F10F2200526956 /* Build configuration list for PBXNativeTarget "CuteBrains" */;
			buildPhases = (
				64A583A7F5B882709A53702A /* [CP] Check Pods Manifest.lock */,
				DA8B104621F10F1F00526956 /* Sources */,
				DA8B104721F10F1F00526956 /* Frameworks */,
				DA8B104821F10F1F00526956 /* Resources */,
				2ADBE3597265A4D1CAFF8CE0 /* [CP] Embed Pods Frameworks */,
			);
			buildRules = (
			);
			dependencies = (
			);
			name = CuteBrains;
			productName = CuteBrains;
			productReference = DA8B104A21F10F1F00526956 /* CuteBrains.app */;
			productType = "com.apple.product-type.application";
		};
		DA8B105D21F10F2200526956 /* CuteBrainsTests */ = {
			isa = PBXNativeTarget;
			buildConfigurationList = DA8B106A21F10F2200526956 /* Build configuration list for PBXNativeTarget "CuteBrainsTests" */;
			buildPhases = (
				DA8B105A21F10F2200526956 /* Sources */,
				DA8B105B21F10F2200526956 /* Frameworks */,
				DA8B105C21F10F2200526956 /* Resources */,
			);
			buildRules = (
			);
			dependencies = (
				DA8B106021F10F2200526956 /* PBXTargetDependency */,
			);
			name = CuteBrainsTests;
			productName = CuteBrainsTests;
			productReference = DA8B105E21F10F2200526956 /* CuteBrainsTests.xctest */;
			productType = "com.apple.product-type.bundle.unit-test";
		};
/* End PBXNativeTarget section */

/* Begin PBXProject section */
		DA8B104221F10F1F00526956 /* Project object */ = {
			isa = PBXProject;
			attributes = {
				LastSwiftUpdateCheck = 1010;
				LastUpgradeCheck = 1010;
				ORGANIZATIONNAME = fahmi;
				TargetAttributes = {
					DA8B104921F10F1F00526956 = {
						CreatedOnToolsVersion = 10.1;
					};
					DA8B105D21F10F2200526956 = {
						CreatedOnToolsVersion = 10.1;
						TestTargetID = DA8B104921F10F1F00526956;
					};
				};
			};
			buildConfigurationList = DA8B104521F10F1F00526956 /* Build configuration list for PBXProject "CuteBrains" */;
			compatibilityVersion = "Xcode 9.3";
			developmentRegion = en;
			hasScannedForEncodings = 0;
			knownRegions = (
				en,
				Base,
			);
			mainGroup = DA8B104121F10F1E00526956;
			productRefGroup = DA8B104B21F10F1F00526956 /* Products */;
			projectDirPath = "";
			projectRoot = "";
			targets = (
				DA8B104921F10F1F00526956 /* CuteBrains */,
				DA8B105D21F10F2200526956 /* CuteBrainsTests */,
			);
		};
/* End PBXProject section */

/* Begin PBXResourcesBuildPhase section */
		DA8B104821F10F1F00526956 /* Resources */ = {
			isa = PBXResourcesBuildPhase;
			buildActionMask = 2147483647;
			files = (
				DA8B105821F10F2200526956 /* LaunchScreen.storyboard in Resources */,
				DA8B105521F10F2200526956 /* Assets.xcassets in Resources */,
				DA8B105321F10F1F00526956 /* Main.storyboard in Resources */,
			);
			runOnlyForDeploymentPostprocessing = 0;
		};
		DA8B105C21F10F2200526956 /* Resources */ = {
			isa = PBXResourcesBuildPhase;
			buildActionMask = 2147483647;
			files = (
			);
			runOnlyForDeploymentPostprocessing = 0;
		};
/* End PBXResourcesBuildPhase section */

/* Begin PBXShellScriptBuildPhase section */
		2ADBE3597265A4D1CAFF8CE0 /* [CP] Embed Pods Frameworks */ = {
			isa = PBXShellScriptBuildPhase;
			buildActionMask = 2147483647;
			files = (
			);
			inputPaths = (
				"${SRCROOT}/Pods/Target Support Files/Pods-CuteBrains/Pods-CuteBrains-frameworks.sh",
				"${BUILT_PRODUCTS_DIR}/Alamofire/Alamofire.framework",
				"${BUILT_PRODUCTS_DIR}/AlamofireXmlToObjects/AlamofireXmlToObjects.framework",
				"${BUILT_PRODUCTS_DIR}/DynamicBlurView/DynamicBlurView.framework",
				"${BUILT_PRODUCTS_DIR}/EVReflection/EVReflection.framework",
				"${BUILT_PRODUCTS_DIR}/PopupDialog/PopupDialog.framework",
				"${BUILT_PRODUCTS_DIR}/SWXMLHash/SWXMLHash.framework",
				"${BUILT_PRODUCTS_DIR}/SwiftyJSON/SwiftyJSON.framework",
				"${BUILT_PRODUCTS_DIR}/SwiftyXMLParser/SwiftyXMLParser.framework",
				"${BUILT_PRODUCTS_DIR}/XMLDictionary/XMLDictionary.framework",
			);
			name = "[CP] Embed Pods Frameworks";
			outputPaths = (
				"${TARGET_BUILD_DIR}/${FRAMEWORKS_FOLDER_PATH}/Alamofire.framework",
				"${TARGET_BUILD_DIR}/${FRAMEWORKS_FOLDER_PATH}/AlamofireXmlToObjects.framework",
				"${TARGET_BUILD_DIR}/${FRAMEWORKS_FOLDER_PATH}/DynamicBlurView.framework",
				"${TARGET_BUILD_DIR}/${FRAMEWORKS_FOLDER_PATH}/EVReflection.framework",
				"${TARGET_BUILD_DIR}/${FRAMEWORKS_FOLDER_PATH}/PopupDialog.framework",
				"${TARGET_BUILD_DIR}/${FRAMEWORKS_FOLDER_PATH}/SWXMLHash.framework",
				"${TARGET_BUILD_DIR}/${FRAMEWORKS_FOLDER_PATH}/SwiftyJSON.framework",
				"${TARGET_BUILD_DIR}/${FRAMEWORKS_FOLDER_PATH}/SwiftyXMLParser.framework",
				"${TARGET_BUILD_DIR}/${FRAMEWORKS_FOLDER_PATH}/XMLDictionary.framework",
			);
			runOnlyForDeploymentPostprocessing = 0;
			shellPath = /bin/sh;
			shellScript = "\"${SRCROOT}/Pods/Target Support Files/Pods-CuteBrains/Pods-CuteBrains-frameworks.sh\"\n";
			showEnvVarsInLog = 0;
		};
		64A583A7F5B882709A53702A /* [CP] Check Pods Manifest.lock */ = {
			isa = PBXShellScriptBuildPhase;
			buildActionMask = 2147483647;
			files = (
			);
			inputPaths = (
				"${PODS_PODFILE_DIR_PATH}/Podfile.lock",
				"${PODS_ROOT}/Manifest.lock",
			);
			name = "[CP] Check Pods Manifest.lock";
			outputPaths = (
				"$(DERIVED_FILE_DIR)/Pods-CuteBrains-checkManifestLockResult.txt",
			);
			runOnlyForDeploymentPostprocessing = 0;
			shellPath = /bin/sh;
			shellScript = "diff \"${PODS_PODFILE_DIR_PATH}/Podfile.lock\" \"${PODS_ROOT}/Manifest.lock\" > /dev/null\nif [ $? != 0 ] ; then\n    # print error to STDERR\n    echo \"error: The sandbox is not in sync with the Podfile.lock. Run 'pod install' or update your CocoaPods installation.\" >&2\n    exit 1\nfi\n# This output is used by Xcode 'outputs' to avoid re-running this script phase.\necho \"SUCCESS\" > \"${SCRIPT_OUTPUT_FILE_0}\"\n";
			showEnvVarsInLog = 0;
		};
/* End PBXShellScriptBuildPhase section */

/* Begin PBXSourcesBuildPhase section */
		DA8B104621F10F1F00526956 /* Sources */ = {
			isa = PBXSourcesBuildPhase;
			buildActionMask = 2147483647;
			files = (
				52382A1922315DBA0056E2E3 /* NotificationsTableViewCell.swift in Sources */,
				52684224222EE7F800948BB7 /* StudentsExtensions.swift in Sources */,
				52684228222F0D1F00948BB7 /* ApplyLeaveViewController.swift in Sources */,
				52FF553B2203B4C700E841B7 /* XMLParser.swift in Sources */,
				523647432208BC9D0094D7BE /* NewsTableViewCell.swift in Sources */,
				52684220222EE77C00948BB7 /* StudentsTableViewCell.swift in Sources */,
				521FF3DB222C421C00BCA8AE /* MyClass.swift in Sources */,
				DA92510621F4AD0800D4397A /* EventViewController.swift in Sources */,
				52079874222899CE00805FEF /* MyLeaves.swift in Sources */,
				52382A13223134250056E2E3 /* TestSpinnerViewController.swift in Sources */,
				524811C02228762D008F9F57 /* LeavesTypeExtensions.swift in Sources */,
				523647412208BAB90094D7BE /* News.swift in Sources */,
				521FF3D4222C41CB00BCA8AE /* MyClassViewController.swift in Sources */,
				52684217222ED3DA00948BB7 /* SubjectTableViewCell.swift in Sources */,
				52058D01220692B600181A78 /* EventTableViewCell.swift in Sources */,
				5268421C222ED5AA00948BB7 /* Subjects.swift in Sources */,
				52A4D8BD220E19E7007EB103 /* HomeViewController.swift in Sources */,
				5268421A222ED40300948BB7 /* SubjectExtensions.swift in Sources */,
				521FF3D6222C41E500BCA8AE /* MyClassCollectionViewCell.swift in Sources */,
				52684215222ED3BC00948BB7 /* SubjectsViewController.swift in Sources */,
				52684226222EEFCF00948BB7 /* Student.swift in Sources */,
				520798722228982900805FEF /* MyLeavesExtension.swift in Sources */,
				520798702228980D00805FEF /* MyLeavesTableViewCell.swift in Sources */,
				525F94E8222576E50082D5A8 /* TimeTableCollectionViewCell.swift in Sources */,
				52382A1D223160110056E2E3 /* Notifications.swift in Sources */,
				52058CFF22066C4800181A78 /* Event.swift in Sources */,
				52684222222EE7A500948BB7 /* StudentsViewController.swift in Sources */,
				525DB06F220A050000C4CF76 /* MapViewController.swift in Sources */,
				DA8B105021F10F1F00526956 /* ViewController.swift in Sources */,
				523DDC9E220BC53E00180A07 /* GpsModel.swift in Sources */,
				524811BC2228757D008F9F57 /* MyLeavesViewController.swift in Sources */,
				DA8B104E21F10F1F00526956 /* AppDelegate.swift in Sources */,
				52382A1722315D960056E2E3 /* NotificationsViewController.swift in Sources */,
				DA92510421F4945600D4397A /* ProfileViewController.swift in Sources */,
				524811BA22286FCE008F9F57 /* LeaveTypeTableViewCell.swift in Sources */,
				521FF3D9222C420800BCA8AE /* MyClassExtensions.swift in Sources */,
				52382A1B22315DDB0056E2E3 /* NotificationsExtensions.swift in Sources */,
				5236473F2208B6AB0094D7BE /* NewsViewController.swift in Sources */,
				5207986E22288D9800805FEF /* LeaveType.swift in Sources */,
				525F94EA222577040082D5A8 /* TimeTableViewCell.swift in Sources */,
				520379992225A6AE008A49EB /* TimeTable.swift in Sources */,
				DAD2140821FA2F380054D896 /* User.swift in Sources */,
				525F94E6222575AB0082D5A8 /* TimeTableViewController.swift in Sources */,
				DA8B107021F11EAF00526956 /* LoginControler.swift in Sources */,
			);
			runOnlyForDeploymentPostprocessing = 0;
		};
		DA8B105A21F10F2200526956 /* Sources */ = {
			isa = PBXSourcesBuildPhase;
			buildActionMask = 2147483647;
			files = (
				DA8B106321F10F2200526956 /* CuteBrainsTests.swift in Sources */,
			);
			runOnlyForDeploymentPostprocessing = 0;
		};
/* End PBXSourcesBuildPhase section */

/* Begin PBXTargetDependency section */
		DA8B106021F10F2200526956 /* PBXTargetDependency */ = {
			isa = PBXTargetDependency;
			target = DA8B104921F10F1F00526956 /* CuteBrains */;
			targetProxy = DA8B105F21F10F2200526956 /* PBXContainerItemProxy */;
		};
/* End PBXTargetDependency section */

/* Begin PBXVariantGroup section */
		DA8B105121F10F1F00526956 /* Main.storyboard */ = {
			isa = PBXVariantGroup;
			children = (
				DA8B105221F10F1F00526956 /* Base */,
			);
			name = Main.storyboard;
			sourceTree = "<group>";
		};
		DA8B105621F10F2200526956 /* LaunchScreen.storyboard */ = {
			isa = PBXVariantGroup;
			children = (
				DA8B105721F10F2200526956 /* Base */,
			);
			name = LaunchScreen.storyboard;
			sourceTree = "<group>";
		};
/* End PBXVariantGroup section */

/* Begin XCBuildConfiguration section */
		DA8B106521F10F2200526956 /* Debug */ = {
			isa = XCBuildConfiguration;
			buildSettings = {
				ALWAYS_SEARCH_USER_PATHS = NO;
				CLANG_ANALYZER_NONNULL = YES;
				CLANG_ANALYZER_NUMBER_OBJECT_CONVERSION = YES_AGGRESSIVE;
				CLANG_CXX_LANGUAGE_STANDARD = "gnu++14";
				CLANG_CXX_LIBRARY = "libc++";
				CLANG_ENABLE_MODULES = YES;
				CLANG_ENABLE_OBJC_ARC = YES;
				CLANG_ENABLE_OBJC_WEAK = YES;
				CLANG_WARN_BLOCK_CAPTURE_AUTORELEASING = YES;
				CLANG_WARN_BOOL_CONVERSION = YES;
				CLANG_WARN_COMMA = YES;
				CLANG_WARN_CONSTANT_CONVERSION = YES;
				CLANG_WARN_DEPRECATED_OBJC_IMPLEMENTATIONS = YES;
				CLANG_WARN_DIRECT_OBJC_ISA_USAGE = YES_ERROR;
				CLANG_WARN_DOCUMENTATION_COMMENTS = YES;
				CLANG_WARN_EMPTY_BODY = YES;
				CLANG_WARN_ENUM_CONVERSION = YES;
				CLANG_WARN_INFINITE_RECURSION = YES;
				CLANG_WARN_INT_CONVERSION = YES;
				CLANG_WARN_NON_LITERAL_NULL_CONVERSION = YES;
				CLANG_WARN_OBJC_IMPLICIT_RETAIN_SELF = YES;
				CLANG_WARN_OBJC_LITERAL_CONVERSION = YES;
				CLANG_WARN_OBJC_ROOT_CLASS = YES_ERROR;
				CLANG_WARN_RANGE_LOOP_ANALYSIS = YES;
				CLANG_WARN_STRICT_PROTOTYPES = YES;
				CLANG_WARN_SUSPICIOUS_MOVE = YES;
				CLANG_WARN_UNGUARDED_AVAILABILITY = YES_AGGRESSIVE;
				CLANG_WARN_UNREACHABLE_CODE = YES;
				CLANG_WARN__DUPLICATE_METHOD_MATCH = YES;
				CODE_SIGN_IDENTITY = "iPhone Developer";
				COPY_PHASE_STRIP = NO;
				DEBUG_INFORMATION_FORMAT = dwarf;
				ENABLE_STRICT_OBJC_MSGSEND = YES;
				ENABLE_TESTABILITY = YES;
				GCC_C_LANGUAGE_STANDARD = gnu11;
				GCC_DYNAMIC_NO_PIC = NO;
				GCC_NO_COMMON_BLOCKS = YES;
				GCC_OPTIMIZATION_LEVEL = 0;
				GCC_PREPROCESSOR_DEFINITIONS = (
					"DEBUG=1",
					"$(inherited)",
				);
				GCC_WARN_64_TO_32_BIT_CONVERSION = YES;
				GCC_WARN_ABOUT_RETURN_TYPE = YES_ERROR;
				GCC_WARN_UNDECLARED_SELECTOR = YES;
				GCC_WARN_UNINITIALIZED_AUTOS = YES_AGGRESSIVE;
				GCC_WARN_UNUSED_FUNCTION = YES;
				GCC_WARN_UNUSED_VARIABLE = YES;
				IPHONEOS_DEPLOYMENT_TARGET = 12.1;
				MTL_ENABLE_DEBUG_INFO = INCLUDE_SOURCE;
				MTL_FAST_MATH = YES;
				ONLY_ACTIVE_ARCH = YES;
				SDKROOT = iphoneos;
				SWIFT_ACTIVE_COMPILATION_CONDITIONS = DEBUG;
				SWIFT_OPTIMIZATION_LEVEL = "-Onone";
			};
			name = Debug;
		};
		DA8B106621F10F2200526956 /* Release */ = {
			isa = XCBuildConfiguration;
			buildSettings = {
				ALWAYS_SEARCH_USER_PATHS = NO;
				CLANG_ANALYZER_NONNULL = YES;
				CLANG_ANALYZER_NUMBER_OBJECT_CONVERSION = YES_AGGRESSIVE;
				CLANG_CXX_LANGUAGE_STANDARD = "gnu++14";
				CLANG_CXX_LIBRARY = "libc++";
				CLANG_ENABLE_MODULES = YES;
				CLANG_ENABLE_OBJC_ARC = YES;
				CLANG_ENABLE_OBJC_WEAK = YES;
				CLANG_WARN_BLOCK_CAPTURE_AUTORELEASING = YES;
				CLANG_WARN_BOOL_CONVERSION = YES;
				CLANG_WARN_COMMA = YES;
				CLANG_WARN_CONSTANT_CONVERSION = YES;
				CLANG_WARN_DEPRECATED_OBJC_IMPLEMENTATIONS = YES;
				CLANG_WARN_DIRECT_OBJC_ISA_USAGE = YES_ERROR;
				CLANG_WARN_DOCUMENTATION_COMMENTS = YES;
				CLANG_WARN_EMPTY_BODY = YES;
				CLANG_WARN_ENUM_CONVERSION = YES;
				CLANG_WARN_INFINITE_RECURSION = YES;
				CLANG_WARN_INT_CONVERSION = YES;
				CLANG_WARN_NON_LITERAL_NULL_CONVERSION = YES;
				CLANG_WARN_OBJC_IMPLICIT_RETAIN_SELF = YES;
				CLANG_WARN_OBJC_LITERAL_CONVERSION = YES;
				CLANG_WARN_OBJC_ROOT_CLASS = YES_ERROR;
				CLANG_WARN_RANGE_LOOP_ANALYSIS = YES;
				CLANG_WARN_STRICT_PROTOTYPES = YES;
				CLANG_WARN_SUSPICIOUS_MOVE = YES;
				CLANG_WARN_UNGUARDED_AVAILABILITY = YES_AGGRESSIVE;
				CLANG_WARN_UNREACHABLE_CODE = YES;
				CLANG_WARN__DUPLICATE_METHOD_MATCH = YES;
				CODE_SIGN_IDENTITY = "iPhone Developer";
				COPY_PHASE_STRIP = NO;
				DEBUG_INFORMATION_FORMAT = "dwarf-with-dsym";
				ENABLE_NS_ASSERTIONS = NO;
				ENABLE_STRICT_OBJC_MSGSEND = YES;
				GCC_C_LANGUAGE_STANDARD = gnu11;
				GCC_NO_COMMON_BLOCKS = YES;
				GCC_WARN_64_TO_32_BIT_CONVERSION = YES;
				GCC_WARN_ABOUT_RETURN_TYPE = YES_ERROR;
				GCC_WARN_UNDECLARED_SELECTOR = YES;
				GCC_WARN_UNINITIALIZED_AUTOS = YES_AGGRESSIVE;
				GCC_WARN_UNUSED_FUNCTION = YES;
				GCC_WARN_UNUSED_VARIABLE = YES;
				IPHONEOS_DEPLOYMENT_TARGET = 12.1;
				MTL_ENABLE_DEBUG_INFO = NO;
				MTL_FAST_MATH = YES;
				SDKROOT = iphoneos;
				SWIFT_COMPILATION_MODE = wholemodule;
				SWIFT_OPTIMIZATION_LEVEL = "-O";
				VALIDATE_PRODUCT = YES;
			};
			name = Release;
		};
		DA8B106821F10F2200526956 /* Debug */ = {
			isa = XCBuildConfiguration;
			baseConfigurationReference = 75395B4275D14465B2480D33 /* Pods-CuteBrains.debug.xcconfig */;
			buildSettings = {
				ASSETCATALOG_COMPILER_APPICON_NAME = AppIcon;
				CODE_SIGN_STYLE = Automatic;
				DEVELOPMENT_TEAM = YVHZG69PE8;
				INFOPLIST_FILE = CuteBrains/Info.plist;
				LD_RUNPATH_SEARCH_PATHS = (
					"$(inherited)",
					"@executable_path/Frameworks",
				);
				PRODUCT_BUNDLE_IDENTIFIER = fahmi.barguellil.CuteBrains;
				PRODUCT_NAME = "$(TARGET_NAME)";
				SWIFT_VERSION = 4.2;
				TARGETED_DEVICE_FAMILY = "1,2";
			};
			name = Debug;
		};
		DA8B106921F10F2200526956 /* Release */ = {
			isa = XCBuildConfiguration;
			baseConfigurationReference = FF9C4F8D7A9859F5A3192BC6 /* Pods-CuteBrains.release.xcconfig */;
			buildSettings = {
				ASSETCATALOG_COMPILER_APPICON_NAME = AppIcon;
				CODE_SIGN_STYLE = Automatic;
				DEVELOPMENT_TEAM = YVHZG69PE8;
				INFOPLIST_FILE = CuteBrains/Info.plist;
				LD_RUNPATH_SEARCH_PATHS = (
					"$(inherited)",
					"@executable_path/Frameworks",
				);
				PRODUCT_BUNDLE_IDENTIFIER = fahmi.barguellil.CuteBrains;
				PRODUCT_NAME = "$(TARGET_NAME)";
				SWIFT_VERSION = 4.2;
				TARGETED_DEVICE_FAMILY = "1,2";
			};
			name = Release;
		};
		DA8B106B21F10F2200526956 /* Debug */ = {
			isa = XCBuildConfiguration;
			buildSettings = {
				ALWAYS_EMBED_SWIFT_STANDARD_LIBRARIES = YES;
				BUNDLE_LOADER = "$(TEST_HOST)";
				CODE_SIGN_STYLE = Automatic;
				DEVELOPMENT_TEAM = YVHZG69PE8;
				INFOPLIST_FILE = CuteBrainsTests/Info.plist;
				LD_RUNPATH_SEARCH_PATHS = (
					"$(inherited)",
					"@executable_path/Frameworks",
					"@loader_path/Frameworks",
				);
				PRODUCT_BUNDLE_IDENTIFIER = fahmi.barguellil.CuteBrainsTests;
				PRODUCT_NAME = "$(TARGET_NAME)";
				SWIFT_VERSION = 4.2;
				TARGETED_DEVICE_FAMILY = "1,2";
				TEST_HOST = "$(BUILT_PRODUCTS_DIR)/CuteBrains.app/CuteBrains";
			};
			name = Debug;
		};
		DA8B106C21F10F2200526956 /* Release */ = {
			isa = XCBuildConfiguration;
			buildSettings = {
				ALWAYS_EMBED_SWIFT_STANDARD_LIBRARIES = YES;
				BUNDLE_LOADER = "$(TEST_HOST)";
				CODE_SIGN_STYLE = Automatic;
				DEVELOPMENT_TEAM = YVHZG69PE8;
				INFOPLIST_FILE = CuteBrainsTests/Info.plist;
				LD_RUNPATH_SEARCH_PATHS = (
					"$(inherited)",
					"@executable_path/Frameworks",
					"@loader_path/Frameworks",
				);
				PRODUCT_BUNDLE_IDENTIFIER = fahmi.barguellil.CuteBrainsTests;
				PRODUCT_NAME = "$(TARGET_NAME)";
				SWIFT_VERSION = 4.2;
				TARGETED_DEVICE_FAMILY = "1,2";
				TEST_HOST = "$(BUILT_PRODUCTS_DIR)/CuteBrains.app/CuteBrains";
			};
			name = Release;
		};
/* End XCBuildConfiguration section */

/* Begin XCConfigurationList section */
		DA8B104521F10F1F00526956 /* Build configuration list for PBXProject "CuteBrains" */ = {
			isa = XCConfigurationList;
			buildConfigurations = (
				DA8B106521F10F2200526956 /* Debug */,
				DA8B106621F10F2200526956 /* Release */,
			);
			defaultConfigurationIsVisible = 0;
			defaultConfigurationName = Release;
		};
		DA8B106721F10F2200526956 /* Build configuration list for PBXNativeTarget "CuteBrains" */ = {
			isa = XCConfigurationList;
			buildConfigurations = (
				DA8B106821F10F2200526956 /* Debug */,
				DA8B106921F10F2200526956 /* Release */,
			);
			defaultConfigurationIsVisible = 0;
			defaultConfigurationName = Release;
		};
		DA8B106A21F10F2200526956 /* Build configuration list for PBXNativeTarget "CuteBrainsTests" */ = {
			isa = XCConfigurationList;
			buildConfigurations = (
				DA8B106B21F10F2200526956 /* Debug */,
				DA8B106C21F10F2200526956 /* Release */,
			);
			defaultConfigurationIsVisible = 0;
			defaultConfigurationName = Release;
		};
/* End XCConfigurationList section */
	};
	rootObject = DA8B104221F10F1F00526956 /* Project object */;
}
